// !$*UTF8*$!
{
	archiveVersion = 1;
	classes = {
	};
	objectVersion = 55;
	objects = {

/* Begin PBXBuildFile section */
		12CD836A0EA478364EAC3ABE /* Pods_helloworld_helloworldUITests.framework in Frameworks */ = {isa = PBXBuildFile; fileRef = ED7E14B10B1CBDFE6764AA02 /* Pods_helloworld_helloworldUITests.framework */; };
		96BB2906A8443721A1376EDE /* Pods_helloworldTests.framework in Frameworks */ = {isa = PBXBuildFile; fileRef = 5CBBEB618A7F5AEF46B282D3 /* Pods_helloworldTests.framework */; };
		B397295720D13A969944AB9A /* Pods_helloworld.framework in Frameworks */ = {isa = PBXBuildFile; fileRef = 9115E4D6D606FEF566DCACC0 /* Pods_helloworld.framework */; };
		CE2B0319277ADD54000034B6 /* GoogleService-Info.plist in Resources */ = {isa = PBXBuildFile; fileRef = CE2B0318277ADD54000034B6 /* GoogleService-Info.plist */; };
		CEF782A6277ACFDB0031FCC5 /* helloworldApp.swift in Sources */ = {isa = PBXBuildFile; fileRef = CEF782A5277ACFDB0031FCC5 /* helloworldApp.swift */; };
		CEF782A8277ACFDB0031FCC5 /* ContentView.swift in Sources */ = {isa = PBXBuildFile; fileRef = CEF782A7277ACFDB0031FCC5 /* ContentView.swift */; };
		CEF782AA277ACFDD0031FCC5 /* Assets.xcassets in Resources */ = {isa = PBXBuildFile; fileRef = CEF782A9277ACFDD0031FCC5 /* Assets.xcassets */; };
		CEF782AD277ACFDD0031FCC5 /* Preview Assets.xcassets in Resources */ = {isa = PBXBuildFile; fileRef = CEF782AC277ACFDD0031FCC5 /* Preview Assets.xcassets */; };
		CEF782B7277ACFDD0031FCC5 /* helloworldTests.swift in Sources */ = {isa = PBXBuildFile; fileRef = CEF782B6277ACFDD0031FCC5 /* helloworldTests.swift */; };
		CEF782C1277ACFDD0031FCC5 /* helloworldUITests.swift in Sources */ = {isa = PBXBuildFile; fileRef = CEF782C0277ACFDD0031FCC5 /* helloworldUITests.swift */; };
		CEF782C3277ACFDD0031FCC5 /* helloworldUITestsLaunchTests.swift in Sources */ = {isa = PBXBuildFile; fileRef = CEF782C2277ACFDD0031FCC5 /* helloworldUITestsLaunchTests.swift */; };
/* End PBXBuildFile section */

/* Begin PBXContainerItemProxy section */
		CEF782B3277ACFDD0031FCC5 /* PBXContainerItemProxy */ = {
			isa = PBXContainerItemProxy;
			containerPortal = CEF7829A277ACFDB0031FCC5 /* Project object */;
			proxyType = 1;
			remoteGlobalIDString = CEF782A1277ACFDB0031FCC5;
			remoteInfo = helloworld;
		};
		CEF782BD277ACFDD0031FCC5 /* PBXContainerItemProxy */ = {
			isa = PBXContainerItemProxy;
			containerPortal = CEF7829A277ACFDB0031FCC5 /* Project object */;
			proxyType = 1;
			remoteGlobalIDString = CEF782A1277ACFDB0031FCC5;
			remoteInfo = helloworld;
		};
/* End PBXContainerItemProxy section */

/* Begin PBXFileReference section */
		35C9CEE9343DADE15121F816 /* Pods-helloworld-helloworldUITests.debug.xcconfig */ = {isa = PBXFileReference; includeInIndex = 1; lastKnownFileType = text.xcconfig; name = "Pods-helloworld-helloworldUITests.debug.xcconfig"; path = "Target Support Files/Pods-helloworld-helloworldUITests/Pods-helloworld-helloworldUITests.debug.xcconfig"; sourceTree = "<group>"; };
		3AF73F6B7514B287FC7D1248 /* Pods-helloworld-helloworldUITests.release.xcconfig */ = {isa = PBXFileReference; includeInIndex = 1; lastKnownFileType = text.xcconfig; name = "Pods-helloworld-helloworldUITests.release.xcconfig"; path = "Target Support Files/Pods-helloworld-helloworldUITests/Pods-helloworld-helloworldUITests.release.xcconfig"; sourceTree = "<group>"; };
		5CBBEB618A7F5AEF46B282D3 /* Pods_helloworldTests.framework */ = {isa = PBXFileReference; explicitFileType = wrapper.framework; includeInIndex = 0; path = Pods_helloworldTests.framework; sourceTree = BUILT_PRODUCTS_DIR; };
		619AAB697EB336C89E3AE479 /* Pods-helloworld.release.xcconfig */ = {isa = PBXFileReference; includeInIndex = 1; lastKnownFileType = text.xcconfig; name = "Pods-helloworld.release.xcconfig"; path = "Target Support Files/Pods-helloworld/Pods-helloworld.release.xcconfig"; sourceTree = "<group>"; };
		9115E4D6D606FEF566DCACC0 /* Pods_helloworld.framework */ = {isa = PBXFileReference; explicitFileType = wrapper.framework; includeInIndex = 0; path = Pods_helloworld.framework; sourceTree = BUILT_PRODUCTS_DIR; };
		CE2B0318277ADD54000034B6 /* GoogleService-Info.plist */ = {isa = PBXFileReference; fileEncoding = 4; lastKnownFileType = text.plist.xml; name = "GoogleService-Info.plist"; path = "helloworld/GoogleService-Info.plist"; sourceTree = "<group>"; };
		CEF782A2277ACFDB0031FCC5 /* helloworld.app */ = {isa = PBXFileReference; explicitFileType = wrapper.application; includeInIndex = 0; path = helloworld.app; sourceTree = BUILT_PRODUCTS_DIR; };
		CEF782A5277ACFDB0031FCC5 /* helloworldApp.swift */ = {isa = PBXFileReference; lastKnownFileType = sourcecode.swift; path = helloworldApp.swift; sourceTree = "<group>"; };
		CEF782A7277ACFDB0031FCC5 /* ContentView.swift */ = {isa = PBXFileReference; lastKnownFileType = sourcecode.swift; path = ContentView.swift; sourceTree = "<group>"; };
		CEF782A9277ACFDD0031FCC5 /* Assets.xcassets */ = {isa = PBXFileReference; lastKnownFileType = folder.assetcatalog; path = Assets.xcassets; sourceTree = "<group>"; };
		CEF782AC277ACFDD0031FCC5 /* Preview Assets.xcassets */ = {isa = PBXFileReference; lastKnownFileType = folder.assetcatalog; path = "Preview Assets.xcassets"; sourceTree = "<group>"; };
		CEF782B2277ACFDD0031FCC5 /* helloworldTests.xctest */ = {isa = PBXFileReference; explicitFileType = wrapper.cfbundle; includeInIndex = 0; path = helloworldTests.xctest; sourceTree = BUILT_PRODUCTS_DIR; };
		CEF782B6277ACFDD0031FCC5 /* helloworldTests.swift */ = {isa = PBXFileReference; lastKnownFileType = sourcecode.swift; path = helloworldTests.swift; sourceTree = "<group>"; };
		CEF782BC277ACFDD0031FCC5 /* helloworldUITests.xctest */ = {isa = PBXFileReference; explicitFileType = wrapper.cfbundle; includeInIndex = 0; path = helloworldUITests.xctest; sourceTree = BUILT_PRODUCTS_DIR; };
		CEF782C0277ACFDD0031FCC5 /* helloworldUITests.swift */ = {isa = PBXFileReference; lastKnownFileType = sourcecode.swift; path = helloworldUITests.swift; sourceTree = "<group>"; };
		CEF782C2277ACFDD0031FCC5 /* helloworldUITestsLaunchTests.swift */ = {isa = PBXFileReference; lastKnownFileType = sourcecode.swift; path = helloworldUITestsLaunchTests.swift; sourceTree = "<group>"; };
		DCE07A5A2328ED69EEC8F35F /* Pods-helloworldTests.debug.xcconfig */ = {isa = PBXFileReference; includeInIndex = 1; lastKnownFileType = text.xcconfig; name = "Pods-helloworldTests.debug.xcconfig"; path = "Target Support Files/Pods-helloworldTests/Pods-helloworldTests.debug.xcconfig"; sourceTree = "<group>"; };
		EB31CBF41AF97EAE52DFBBF7 /* Pods-helloworldTests.release.xcconfig */ = {isa = PBXFileReference; includeInIndex = 1; lastKnownFileType = text.xcconfig; name = "Pods-helloworldTests.release.xcconfig"; path = "Target Support Files/Pods-helloworldTests/Pods-helloworldTests.release.xcconfig"; sourceTree = "<group>"; };
		ED7E14B10B1CBDFE6764AA02 /* Pods_helloworld_helloworldUITests.framework */ = {isa = PBXFileReference; explicitFileType = wrapper.framework; includeInIndex = 0; path = Pods_helloworld_helloworldUITests.framework; sourceTree = BUILT_PRODUCTS_DIR; };
		FC7F8181635F1DC140F5F2B1 /* Pods-helloworld.debug.xcconfig */ = {isa = PBXFileReference; includeInIndex = 1; lastKnownFileType = text.xcconfig; name = "Pods-helloworld.debug.xcconfig"; path = "Target Support Files/Pods-helloworld/Pods-helloworld.debug.xcconfig"; sourceTree = "<group>"; };
/* End PBXFileReference section */

/* Begin PBXFrameworksBuildPhase section */
		CEF7829F277ACFDB0031FCC5 /* Frameworks */ = {
			isa = PBXFrameworksBuildPhase;
			buildActionMask = 2147483647;
			files = (
				B397295720D13A969944AB9A /* Pods_helloworld.framework in Frameworks */,
			);
			runOnlyForDeploymentPostprocessing = 0;
		};
		CEF782AF277ACFDD0031FCC5 /* Frameworks */ = {
			isa = PBXFrameworksBuildPhase;
			buildActionMask = 2147483647;
			files = (
				96BB2906A8443721A1376EDE /* Pods_helloworldTests.framework in Frameworks */,
			);
			runOnlyForDeploymentPostprocessing = 0;
		};
		CEF782B9277ACFDD0031FCC5 /* Frameworks */ = {
			isa = PBXFrameworksBuildPhase;
			buildActionMask = 2147483647;
			files = (
				12CD836A0EA478364EAC3ABE /* Pods_helloworld_helloworldUITests.framework in Frameworks */,
			);
			runOnlyForDeploymentPostprocessing = 0;
		};
/* End PBXFrameworksBuildPhase section */

/* Begin PBXGroup section */
		32886B48A97E8D2A6FB25E43 /* Pods */ = {
			isa = PBXGroup;
			children = (
				FC7F8181635F1DC140F5F2B1 /* Pods-helloworld.debug.xcconfig */,
				619AAB697EB336C89E3AE479 /* Pods-helloworld.release.xcconfig */,
				35C9CEE9343DADE15121F816 /* Pods-helloworld-helloworldUITests.debug.xcconfig */,
				3AF73F6B7514B287FC7D1248 /* Pods-helloworld-helloworldUITests.release.xcconfig */,
				DCE07A5A2328ED69EEC8F35F /* Pods-helloworldTests.debug.xcconfig */,
				EB31CBF41AF97EAE52DFBBF7 /* Pods-helloworldTests.release.xcconfig */,
			);
			path = Pods;
			sourceTree = "<group>";
		};
		CEF78299277ACFDB0031FCC5 = {
			isa = PBXGroup;
			children = (
				CE2B0318277ADD54000034B6 /* GoogleService-Info.plist */,
				CEF782A4277ACFDB0031FCC5 /* helloworld */,
				CEF782B5277ACFDD0031FCC5 /* helloworldTests */,
				CEF782BF277ACFDD0031FCC5 /* helloworldUITests */,
				CEF782A3277ACFDB0031FCC5 /* Products */,
				32886B48A97E8D2A6FB25E43 /* Pods */,
				DD0BE7B452D901E147257F10 /* Frameworks */,
			);
			sourceTree = "<group>";
		};
		CEF782A3277ACFDB0031FCC5 /* Products */ = {
			isa = PBXGroup;
			children = (
				CEF782A2277ACFDB0031FCC5 /* helloworld.app */,
				CEF782B2277ACFDD0031FCC5 /* helloworldTests.xctest */,
				CEF782BC277ACFDD0031FCC5 /* helloworldUITests.xctest */,
			);
			name = Products;
			sourceTree = "<group>";
		};
		CEF782A4277ACFDB0031FCC5 /* helloworld */ = {
			isa = PBXGroup;
			children = (
				CEF782A5277ACFDB0031FCC5 /* helloworldApp.swift */,
				CEF782A7277ACFDB0031FCC5 /* ContentView.swift */,
				CEF782A9277ACFDD0031FCC5 /* Assets.xcassets */,
				CEF782AB277ACFDD0031FCC5 /* Preview Content */,
			);
			path = helloworld;
			sourceTree = "<group>";
		};
		CEF782AB277ACFDD0031FCC5 /* Preview Content */ = {
			isa = PBXGroup;
			children = (
				CEF782AC277ACFDD0031FCC5 /* Preview Assets.xcassets */,
			);
			path = "Preview Content";
			sourceTree = "<group>";
		};
		CEF782B5277ACFDD0031FCC5 /* helloworldTests */ = {
			isa = PBXGroup;
			children = (
				CEF782B6277ACFDD0031FCC5 /* helloworldTests.swift */,
			);
			path = helloworldTests;
			sourceTree = "<group>";
		};
		CEF782BF277ACFDD0031FCC5 /* helloworldUITests */ = {
			isa = PBXGroup;
			children = (
				CEF782C0277ACFDD0031FCC5 /* helloworldUITests.swift */,
				CEF782C2277ACFDD0031FCC5 /* helloworldUITestsLaunchTests.swift */,
			);
			path = helloworldUITests;
			sourceTree = "<group>";
		};
		DD0BE7B452D901E147257F10 /* Frameworks */ = {
			isa = PBXGroup;
			children = (
				9115E4D6D606FEF566DCACC0 /* Pods_helloworld.framework */,
				ED7E14B10B1CBDFE6764AA02 /* Pods_helloworld_helloworldUITests.framework */,
				5CBBEB618A7F5AEF46B282D3 /* Pods_helloworldTests.framework */,
			);
			name = Frameworks;
			sourceTree = "<group>";
		};
/* End PBXGroup section */

/* Begin PBXNativeTarget section */
		CEF782A1277ACFDB0031FCC5 /* helloworld */ = {
			isa = PBXNativeTarget;
			buildConfigurationList = CEF782C6277ACFDD0031FCC5 /* Build configuration list for PBXNativeTarget "helloworld" */;
			buildPhases = (
				97A7C7E16019D7059F0BCD18 /* [CP] Check Pods Manifest.lock */,
				CEF7829E277ACFDB0031FCC5 /* Sources */,
				CEF7829F277ACFDB0031FCC5 /* Frameworks */,
				CEF782A0277ACFDB0031FCC5 /* Resources */,
				FA436E5ACFD7A519612A7664 /* [CP] Embed Pods Frameworks */,
			);
			buildRules = (
			);
			dependencies = (
			);
			name = helloworld;
			productName = helloworld;
			productReference = CEF782A2277ACFDB0031FCC5 /* helloworld.app */;
			productType = "com.apple.product-type.application";
		};
		CEF782B1277ACFDD0031FCC5 /* helloworldTests */ = {
			isa = PBXNativeTarget;
			buildConfigurationList = CEF782C9277ACFDD0031FCC5 /* Build configuration list for PBXNativeTarget "helloworldTests" */;
			buildPhases = (
				125EBCA62452F1D73EAA79C3 /* [CP] Check Pods Manifest.lock */,
				CEF782AE277ACFDD0031FCC5 /* Sources */,
				CEF782AF277ACFDD0031FCC5 /* Frameworks */,
				CEF782B0277ACFDD0031FCC5 /* Resources */,
			);
			buildRules = (
			);
			dependencies = (
				CEF782B4277ACFDD0031FCC5 /* PBXTargetDependency */,
			);
			name = helloworldTests;
			productName = helloworldTests;
			productReference = CEF782B2277ACFDD0031FCC5 /* helloworldTests.xctest */;
			productType = "com.apple.product-type.bundle.unit-test";
		};
		CEF782BB277ACFDD0031FCC5 /* helloworldUITests */ = {
			isa = PBXNativeTarget;
			buildConfigurationList = CEF782CC277ACFDD0031FCC5 /* Build configuration list for PBXNativeTarget "helloworldUITests" */;
			buildPhases = (
				34AC167BE4CEC0B493486BDA /* [CP] Check Pods Manifest.lock */,
				CEF782B8277ACFDD0031FCC5 /* Sources */,
				CEF782B9277ACFDD0031FCC5 /* Frameworks */,
				CEF782BA277ACFDD0031FCC5 /* Resources */,
				BDB758DB90BB619C60138ED8 /* [CP] Embed Pods Frameworks */,
			);
			buildRules = (
			);
			dependencies = (
				CEF782BE277ACFDD0031FCC5 /* PBXTargetDependency */,
			);
			name = helloworldUITests;
			productName = helloworldUITests;
			productReference = CEF782BC277ACFDD0031FCC5 /* helloworldUITests.xctest */;
			productType = "com.apple.product-type.bundle.ui-testing";
		};
/* End PBXNativeTarget section */

/* Begin PBXProject section */
		CEF7829A277ACFDB0031FCC5 /* Project object */ = {
			isa = PBXProject;
			attributes = {
				BuildIndependentTargetsInParallel = 1;
				LastSwiftUpdateCheck = 1310;
				LastUpgradeCheck = 1310;
				TargetAttributes = {
					CEF782A1277ACFDB0031FCC5 = {
						CreatedOnToolsVersion = 13.1;
					};
					CEF782B1277ACFDD0031FCC5 = {
						CreatedOnToolsVersion = 13.1;
						TestTargetID = CEF782A1277ACFDB0031FCC5;
					};
					CEF782BB277ACFDD0031FCC5 = {
						CreatedOnToolsVersion = 13.1;
						TestTargetID = CEF782A1277ACFDB0031FCC5;
					};
				};
			};
			buildConfigurationList = CEF7829D277ACFDB0031FCC5 /* Build configuration list for PBXProject "helloworld" */;
			compatibilityVersion = "Xcode 13.0";
			developmentRegion = en;
			hasScannedForEncodings = 0;
			knownRegions = (
				en,
				Base,
			);
			mainGroup = CEF78299277ACFDB0031FCC5;
			productRefGroup = CEF782A3277ACFDB0031FCC5 /* Products */;
			projectDirPath = "";
			projectRoot = "";
			targets = (
				CEF782A1277ACFDB0031FCC5 /* helloworld */,
				CEF782B1277ACFDD0031FCC5 /* helloworldTests */,
				CEF782BB277ACFDD0031FCC5 /* helloworldUITests */,
			);
		};
/* End PBXProject section */

/* Begin PBXResourcesBuildPhase section */
		CEF782A0277ACFDB0031FCC5 /* Resources */ = {
			isa = PBXResourcesBuildPhase;
			buildActionMask = 2147483647;
			files = (
				CEF782AD277ACFDD0031FCC5 /* Preview Assets.xcassets in Resources */,
				CEF782AA277ACFDD0031FCC5 /* Assets.xcassets in Resources */,
				CE2B0319277ADD54000034B6 /* GoogleService-Info.plist in Resources */,
			);
			runOnlyForDeploymentPostprocessing = 0;
		};
		CEF782B0277ACFDD0031FCC5 /* Resources */ = {
			isa = PBXResourcesBuildPhase;
			buildActionMask = 2147483647;
			files = (
			);
			runOnlyForDeploymentPostprocessing = 0;
		};
		CEF782BA277ACFDD0031FCC5 /* Resources */ = {
			isa = PBXResourcesBuildPhase;
			buildActionMask = 2147483647;
			files = (
			);
			runOnlyForDeploymentPostprocessing = 0;
		};
/* End PBXResourcesBuildPhase section */

/* Begin PBXShellScriptBuildPhase section */
		125EBCA62452F1D73EAA79C3 /* [CP] Check Pods Manifest.lock */ = {
			isa = PBXShellScriptBuildPhase;
			buildActionMask = 2147483647;
			files = (
			);
			inputFileListPaths = (
			);
			inputPaths = (
				"${PODS_PODFILE_DIR_PATH}/Podfile.lock",
				"${PODS_ROOT}/Manifest.lock",
			);
			name = "[CP] Check Pods Manifest.lock";
			outputFileListPaths = (
			);
			outputPaths = (
				"$(DERIVED_FILE_DIR)/Pods-helloworldTests-checkManifestLockResult.txt",
			);
			runOnlyForDeploymentPostprocessing = 0;
			shellPath = /bin/sh;
			shellScript = "diff \"${PODS_PODFILE_DIR_PATH}/Podfile.lock\" \"${PODS_ROOT}/Manifest.lock\" > /dev/null\nif [ $? != 0 ] ; then\n    # print error to STDERR\n    echo \"error: The sandbox is not in sync with the Podfile.lock. Run 'pod install' or update your CocoaPods installation.\" >&2\n    exit 1\nfi\n# This output is used by Xcode 'outputs' to avoid re-running this script phase.\necho \"SUCCESS\" > \"${SCRIPT_OUTPUT_FILE_0}\"\n";
			showEnvVarsInLog = 0;
		};
		34AC167BE4CEC0B493486BDA /* [CP] Check Pods Manifest.lock */ = {
			isa = PBXShellScriptBuildPhase;
			buildActionMask = 2147483647;
			files = (
			);
			inputFileListPaths = (
			);
			inputPaths = (
				"${PODS_PODFILE_DIR_PATH}/Podfile.lock",
				"${PODS_ROOT}/Manifest.lock",
			);
			name = "[CP] Check Pods Manifest.lock";
			outputFileListPaths = (
			);
			outputPaths = (
				"$(DERIVED_FILE_DIR)/Pods-helloworld-helloworldUITests-checkManifestLockResult.txt",
			);
			runOnlyForDeploymentPostprocessing = 0;
			shellPath = /bin/sh;
			shellScript = "diff \"${PODS_PODFILE_DIR_PATH}/Podfile.lock\" \"${PODS_ROOT}/Manifest.lock\" > /dev/null\nif [ $? != 0 ] ; then\n    # print error to STDERR\n    echo \"error: The sandbox is not in sync with the Podfile.lock. Run 'pod install' or update your CocoaPods installation.\" >&2\n    exit 1\nfi\n# This output is used by Xcode 'outputs' to avoid re-running this script phase.\necho \"SUCCESS\" > \"${SCRIPT_OUTPUT_FILE_0}\"\n";
			showEnvVarsInLog = 0;
		};
		97A7C7E16019D7059F0BCD18 /* [CP] Check Pods Manifest.lock */ = {
			isa = PBXShellScriptBuildPhase;
			buildActionMask = 2147483647;
			files = (
			);
			inputFileListPaths = (
			);
			inputPaths = (
				"${PODS_PODFILE_DIR_PATH}/Podfile.lock",
				"${PODS_ROOT}/Manifest.lock",
			);
			name = "[CP] Check Pods Manifest.lock";
			outputFileListPaths = (
			);
			outputPaths = (
				"$(DERIVED_FILE_DIR)/Pods-helloworld-checkManifestLockResult.txt",
			);
			runOnlyForDeploymentPostprocessing = 0;
			shellPath = /bin/sh;
			shellScript = "diff \"${PODS_PODFILE_DIR_PATH}/Podfile.lock\" \"${PODS_ROOT}/Manifest.lock\" > /dev/null\nif [ $? != 0 ] ; then\n    # print error to STDERR\n    echo \"error: The sandbox is not in sync with the Podfile.lock. Run 'pod install' or update your CocoaPods installation.\" >&2\n    exit 1\nfi\n# This output is used by Xcode 'outputs' to avoid re-running this script phase.\necho \"SUCCESS\" > \"${SCRIPT_OUTPUT_FILE_0}\"\n";
			showEnvVarsInLog = 0;
		};
		BDB758DB90BB619C60138ED8 /* [CP] Embed Pods Frameworks */ = {
			isa = PBXShellScriptBuildPhase;
			buildActionMask = 2147483647;
			files = (
			);
			inputFileListPaths = (
				"${PODS_ROOT}/Target Support Files/Pods-helloworld-helloworldUITests/Pods-helloworld-helloworldUITests-frameworks-${CONFIGURATION}-input-files.xcfilelist",
			);
			name = "[CP] Embed Pods Frameworks";
			outputFileListPaths = (
				"${PODS_ROOT}/Target Support Files/Pods-helloworld-helloworldUITests/Pods-helloworld-helloworldUITests-frameworks-${CONFIGURATION}-output-files.xcfilelist",
			);
			runOnlyForDeploymentPostprocessing = 0;
			shellPath = /bin/sh;
			shellScript = "\"${PODS_ROOT}/Target Support Files/Pods-helloworld-helloworldUITests/Pods-helloworld-helloworldUITests-frameworks.sh\"\n";
			showEnvVarsInLog = 0;
		};
		FA436E5ACFD7A519612A7664 /* [CP] Embed Pods Frameworks */ = {
			isa = PBXShellScriptBuildPhase;
			buildActionMask = 2147483647;
			files = (
			);
			inputFileListPaths = (
				"${PODS_ROOT}/Target Support Files/Pods-helloworld/Pods-helloworld-frameworks-${CONFIGURATION}-input-files.xcfilelist",
			);
			name = "[CP] Embed Pods Frameworks";
			outputFileListPaths = (
				"${PODS_ROOT}/Target Support Files/Pods-helloworld/Pods-helloworld-frameworks-${CONFIGURATION}-output-files.xcfilelist",
			);
			runOnlyForDeploymentPostprocessing = 0;
			shellPath = /bin/sh;
			shellScript = "\"${PODS_ROOT}/Target Support Files/Pods-helloworld/Pods-helloworld-frameworks.sh\"\n";
			showEnvVarsInLog = 0;
		};
/* End PBXShellScriptBuildPhase section */

/* Begin PBXSourcesBuildPhase section */
		CEF7829E277ACFDB0031FCC5 /* Sources */ = {
			isa = PBXSourcesBuildPhase;
			buildActionMask = 2147483647;
			files = (
				CEF782A8277ACFDB0031FCC5 /* ContentView.swift in Sources */,
				CEF782A6277ACFDB0031FCC5 /* helloworldApp.swift in Sources */,
			);
			runOnlyForDeploymentPostprocessing = 0;
		};
		CEF782AE277ACFDD0031FCC5 /* Sources */ = {
			isa = PBXSourcesBuildPhase;
			buildActionMask = 2147483647;
			files = (
				CEF782B7277ACFDD0031FCC5 /* helloworldTests.swift in Sources */,
			);
			runOnlyForDeploymentPostprocessing = 0;
		};
		CEF782B8277ACFDD0031FCC5 /* Sources */ = {
			isa = PBXSourcesBuildPhase;
			buildActionMask = 2147483647;
			files = (
				CEF782C3277ACFDD0031FCC5 /* helloworldUITestsLaunchTests.swift in Sources */,
				CEF782C1277ACFDD0031FCC5 /* helloworldUITests.swift in Sources */,
			);
			runOnlyForDeploymentPostprocessing = 0;
		};
/* End PBXSourcesBuildPhase section */

/* Begin PBXTargetDependency section */
		CEF782B4277ACFDD0031FCC5 /* PBXTargetDependency */ = {
			isa = PBXTargetDependency;
			target = CEF782A1277ACFDB0031FCC5 /* helloworld */;
			targetProxy = CEF782B3277ACFDD0031FCC5 /* PBXContainerItemProxy */;
		};
		CEF782BE277ACFDD0031FCC5 /* PBXTargetDependency */ = {
			isa = PBXTargetDependency;
			target = CEF782A1277ACFDB0031FCC5 /* helloworld */;
			targetProxy = CEF782BD277ACFDD0031FCC5 /* PBXContainerItemProxy */;
		};
/* End PBXTargetDependency section */

/* Begin XCBuildConfiguration section */
		CEF782C4277ACFDD0031FCC5 /* Debug */ = {
			isa = XCBuildConfiguration;
			buildSettings = {
				ALWAYS_SEARCH_USER_PATHS = NO;
				CLANG_ANALYZER_NONNULL = YES;
				CLANG_ANALYZER_NUMBER_OBJECT_CONVERSION = YES_AGGRESSIVE;
				CLANG_CXX_LANGUAGE_STANDARD = "gnu++17";
				CLANG_CXX_LIBRARY = "libc++";
				CLANG_ENABLE_MODULES = YES;
				CLANG_ENABLE_OBJC_ARC = YES;
				CLANG_ENABLE_OBJC_WEAK = YES;
				CLANG_WARN_BLOCK_CAPTURE_AUTORELEASING = YES;
				CLANG_WARN_BOOL_CONVERSION = YES;
				CLANG_WARN_COMMA = YES;
				CLANG_WARN_CONSTANT_CONVERSION = YES;
				CLANG_WARN_DEPRECATED_OBJC_IMPLEMENTATIONS = YES;
				CLANG_WARN_DIRECT_OBJC_ISA_USAGE = YES_ERROR;
				CLANG_WARN_DOCUMENTATION_COMMENTS = YES;
				CLANG_WARN_EMPTY_BODY = YES;
				CLANG_WARN_ENUM_CONVERSION = YES;
				CLANG_WARN_INFINITE_RECURSION = YES;
				CLANG_WARN_INT_CONVERSION = YES;
				CLANG_WARN_NON_LITERAL_NULL_CONVERSION = YES;
				CLANG_WARN_OBJC_IMPLICIT_RETAIN_SELF = YES;
				CLANG_WARN_OBJC_LITERAL_CONVERSION = YES;
				CLANG_WARN_OBJC_ROOT_CLASS = YES_ERROR;
				CLANG_WARN_QUOTED_INCLUDE_IN_FRAMEWORK_HEADER = YES;
				CLANG_WARN_RANGE_LOOP_ANALYSIS = YES;
				CLANG_WARN_STRICT_PROTOTYPES = YES;
				CLANG_WARN_SUSPICIOUS_MOVE = YES;
				CLANG_WARN_UNGUARDED_AVAILABILITY = YES_AGGRESSIVE;
				CLANG_WARN_UNREACHABLE_CODE = YES;
				CLANG_WARN__DUPLICATE_METHOD_MATCH = YES;
				COPY_PHASE_STRIP = NO;
				DEBUG_INFORMATION_FORMAT = dwarf;
				ENABLE_STRICT_OBJC_MSGSEND = YES;
				ENABLE_TESTABILITY = YES;
				GCC_C_LANGUAGE_STANDARD = gnu11;
				GCC_DYNAMIC_NO_PIC = NO;
				GCC_NO_COMMON_BLOCKS = YES;
				GCC_OPTIMIZATION_LEVEL = 0;
				GCC_PREPROCESSOR_DEFINITIONS = (
					"DEBUG=1",
					"$(inherited)",
				);
				GCC_WARN_64_TO_32_BIT_CONVERSION = YES;
				GCC_WARN_ABOUT_RETURN_TYPE = YES_ERROR;
				GCC_WARN_UNDECLARED_SELECTOR = YES;
				GCC_WARN_UNINITIALIZED_AUTOS = YES_AGGRESSIVE;
				GCC_WARN_UNUSED_FUNCTION = YES;
				GCC_WARN_UNUSED_VARIABLE = YES;
				IPHONEOS_DEPLOYMENT_TARGET = 15.0;
				MTL_ENABLE_DEBUG_INFO = INCLUDE_SOURCE;
				MTL_FAST_MATH = YES;
				ONLY_ACTIVE_ARCH = YES;
				SDKROOT = iphoneos;
				SWIFT_ACTIVE_COMPILATION_CONDITIONS = DEBUG;
				SWIFT_OPTIMIZATION_LEVEL = "-Onone";
			};
			name = Debug;
		};
		CEF782C5277ACFDD0031FCC5 /* Release */ = {
			isa = XCBuildConfiguration;
			buildSettings = {
				ALWAYS_SEARCH_USER_PATHS = NO;
				CLANG_ANALYZER_NONNULL = YES;
				CLANG_ANALYZER_NUMBER_OBJECT_CONVERSION = YES_AGGRESSIVE;
				CLANG_CXX_LANGUAGE_STANDARD = "gnu++17";
				CLANG_CXX_LIBRARY = "libc++";
				CLANG_ENABLE_MODULES = YES;
				CLANG_ENABLE_OBJC_ARC = YES;
				CLANG_ENABLE_OBJC_WEAK = YES;
				CLANG_WARN_BLOCK_CAPTURE_AUTORELEASING = YES;
				CLANG_WARN_BOOL_CONVERSION = YES;
				CLANG_WARN_COMMA = YES;
				CLANG_WARN_CONSTANT_CONVERSION = YES;
				CLANG_WARN_DEPRECATED_OBJC_IMPLEMENTATIONS = YES;
				CLANG_WARN_DIRECT_OBJC_ISA_USAGE = YES_ERROR;
				CLANG_WARN_DOCUMENTATION_COMMENTS = YES;
				CLANG_WARN_EMPTY_BODY = YES;
				CLANG_WARN_ENUM_CONVERSION = YES;
				CLANG_WARN_INFINITE_RECURSION = YES;
				CLANG_WARN_INT_CONVERSION = YES;
				CLANG_WARN_NON_LITERAL_NULL_CONVERSION = YES;
				CLANG_WARN_OBJC_IMPLICIT_RETAIN_SELF = YES;
				CLANG_WARN_OBJC_LITERAL_CONVERSION = YES;
				CLANG_WARN_OBJC_ROOT_CLASS = YES_ERROR;
				CLANG_WARN_QUOTED_INCLUDE_IN_FRAMEWORK_HEADER = YES;
				CLANG_WARN_RANGE_LOOP_ANALYSIS = YES;
				CLANG_WARN_STRICT_PROTOTYPES = YES;
				CLANG_WARN_SUSPICIOUS_MOVE = YES;
				CLANG_WARN_UNGUARDED_AVAILABILITY = YES_AGGRESSIVE;
				CLANG_WARN_UNREACHABLE_CODE = YES;
				CLANG_WARN__DUPLICATE_METHOD_MATCH = YES;
				COPY_PHASE_STRIP = NO;
				DEBUG_INFORMATION_FORMAT = "dwarf-with-dsym";
				ENABLE_NS_ASSERTIONS = NO;
				ENABLE_STRICT_OBJC_MSGSEND = YES;
				GCC_C_LANGUAGE_STANDARD = gnu11;
				GCC_NO_COMMON_BLOCKS = YES;
				GCC_WARN_64_TO_32_BIT_CONVERSION = YES;
				GCC_WARN_ABOUT_RETURN_TYPE = YES_ERROR;
				GCC_WARN_UNDECLARED_SELECTOR = YES;
				GCC_WARN_UNINITIALIZED_AUTOS = YES_AGGRESSIVE;
				GCC_WARN_UNUSED_FUNCTION = YES;
				GCC_WARN_UNUSED_VARIABLE = YES;
				IPHONEOS_DEPLOYMENT_TARGET = 15.0;
				MTL_ENABLE_DEBUG_INFO = NO;
				MTL_FAST_MATH = YES;
				SDKROOT = iphoneos;
				SWIFT_COMPILATION_MODE = wholemodule;
				SWIFT_OPTIMIZATION_LEVEL = "-O";
				VALIDATE_PRODUCT = YES;
			};
			name = Release;
		};
		CEF782C7277ACFDD0031FCC5 /* Debug */ = {
			isa = XCBuildConfiguration;
			baseConfigurationReference = FC7F8181635F1DC140F5F2B1 /* Pods-helloworld.debug.xcconfig */;
			buildSettings = {
				ASSETCATALOG_COMPILER_APPICON_NAME = AppIcon;
				ASSETCATALOG_COMPILER_GLOBAL_ACCENT_COLOR_NAME = AccentColor;
				CODE_SIGN_IDENTITY = "Apple Development: Md Bajlur Rashid (2QYS7HFUZ2)";
				CODE_SIGN_STYLE = Manual;
				CURRENT_PROJECT_VERSION = 7;
				DEVELOPMENT_ASSET_PATHS = "\"helloworld/Preview Content\"";
				DEVELOPMENT_TEAM = MG2L3YQ533;
				ENABLE_PREVIEWS = YES;
				GENERATE_INFOPLIST_FILE = YES;
				INFOPLIST_KEY_UIApplicationSceneManifest_Generation = YES;
				INFOPLIST_KEY_UIApplicationSupportsIndirectInputEvents = YES;
				INFOPLIST_KEY_UILaunchScreen_Generation = YES;
				INFOPLIST_KEY_UISupportedInterfaceOrientations_iPad = "UIInterfaceOrientationPortrait UIInterfaceOrientationPortraitUpsideDown UIInterfaceOrientationLandscapeLeft UIInterfaceOrientationLandscapeRight";
				INFOPLIST_KEY_UISupportedInterfaceOrientations_iPhone = "UIInterfaceOrientationPortrait UIInterfaceOrientationLandscapeLeft UIInterfaceOrientationLandscapeRight";
				LD_RUNPATH_SEARCH_PATHS = (
					"$(inherited)",
					"@executable_path/Frameworks",
				);
				MARKETING_VERSION = 1.0;
				PRODUCT_BUNDLE_IDENTIFIER = com.shafayat.helloworld;
				PRODUCT_NAME = "$(TARGET_NAME)";
				PROVISIONING_PROFILE_SPECIFIER = "match Development com.shafayat.helloworld";
				SWIFT_EMIT_LOC_STRINGS = YES;
				SWIFT_VERSION = 5.0;
				TARGETED_DEVICE_FAMILY = "1,2";
			};
			name = Debug;
		};
		CEF782C8277ACFDD0031FCC5 /* Release */ = {
			isa = XCBuildConfiguration;
			baseConfigurationReference = 619AAB697EB336C89E3AE479 /* Pods-helloworld.release.xcconfig */;
			buildSettings = {
				ASSETCATALOG_COMPILER_APPICON_NAME = AppIcon;
				ASSETCATALOG_COMPILER_GLOBAL_ACCENT_COLOR_NAME = AccentColor;
				CODE_SIGN_IDENTITY = "Apple Distribution: Brain Station-23 (MG2L3YQ533)";
				CODE_SIGN_STYLE = Manual;
				CURRENT_PROJECT_VERSION = 7;
				DEVELOPMENT_ASSET_PATHS = "\"helloworld/Preview Content\"";
				DEVELOPMENT_TEAM = MG2L3YQ533;
				ENABLE_PREVIEWS = YES;
				GENERATE_INFOPLIST_FILE = YES;
				INFOPLIST_KEY_UIApplicationSceneManifest_Generation = YES;
				INFOPLIST_KEY_UIApplicationSupportsIndirectInputEvents = YES;
				INFOPLIST_KEY_UILaunchScreen_Generation = YES;
				INFOPLIST_KEY_UISupportedInterfaceOrientations_iPad = "UIInterfaceOrientationPortrait UIInterfaceOrientationPortraitUpsideDown UIInterfaceOrientationLandscapeLeft UIInterfaceOrientationLandscapeRight";
				INFOPLIST_KEY_UISupportedInterfaceOrientations_iPhone = "UIInterfaceOrientationPortrait UIInterfaceOrientationLandscapeLeft UIInterfaceOrientationLandscapeRight";
				LD_RUNPATH_SEARCH_PATHS = (
					"$(inherited)",
					"@executable_path/Frameworks",
				);
				MARKETING_VERSION = 1.0;
				PRODUCT_BUNDLE_IDENTIFIER = com.shafayat.helloworld;
				PRODUCT_NAME = "$(TARGET_NAME)";
				PROVISIONING_PROFILE_SPECIFIER = "match AppStore com.shafayat.helloworld";
				SWIFT_EMIT_LOC_STRINGS = YES;
				SWIFT_VERSION = 5.0;
				TARGETED_DEVICE_FAMILY = "1,2";
			};
			name = Release;
		};
		CEF782CA277ACFDD0031FCC5 /* Debug */ = {
			isa = XCBuildConfiguration;
			baseConfigurationReference = DCE07A5A2328ED69EEC8F35F /* Pods-helloworldTests.debug.xcconfig */;
			buildSettings = {
				ALWAYS_EMBED_SWIFT_STANDARD_LIBRARIES = YES;
				BUNDLE_LOADER = "$(TEST_HOST)";
				CODE_SIGN_STYLE = Automatic;
				CURRENT_PROJECT_VERSION = 7;
				GENERATE_INFOPLIST_FILE = YES;
				IPHONEOS_DEPLOYMENT_TARGET = 15.0;
				LD_RUNPATH_SEARCH_PATHS = (
					"$(inherited)",
					"@executable_path/Frameworks",
					"@loader_path/Frameworks",
				);
				MARKETING_VERSION = 1.0;
				PRODUCT_BUNDLE_IDENTIFIER = com.shafayat.helloworldTests;
				PRODUCT_NAME = "$(TARGET_NAME)";
				SWIFT_EMIT_LOC_STRINGS = NO;
				SWIFT_VERSION = 5.0;
				TARGETED_DEVICE_FAMILY = "1,2";
				TEST_HOST = "$(BUILT_PRODUCTS_DIR)/helloworld.app/helloworld";
			};
			name = Debug;
		};
		CEF782CB277ACFDD0031FCC5 /* Release */ = {
			isa = XCBuildConfiguration;
			baseConfigurationReference = EB31CBF41AF97EAE52DFBBF7 /* Pods-helloworldTests.release.xcconfig */;
			buildSettings = {
				ALWAYS_EMBED_SWIFT_STANDARD_LIBRARIES = YES;
				BUNDLE_LOADER = "$(TEST_HOST)";
				CODE_SIGN_STYLE = Automatic;
				CURRENT_PROJECT_VERSION = 7;
				GENERATE_INFOPLIST_FILE = YES;
				IPHONEOS_DEPLOYMENT_TARGET = 15.0;
				LD_RUNPATH_SEARCH_PATHS = (
					"$(inherited)",
					"@executable_path/Frameworks",
					"@loader_path/Frameworks",
				);
				MARKETING_VERSION = 1.0;
				PRODUCT_BUNDLE_IDENTIFIER = com.shafayat.helloworldTests;
				PRODUCT_NAME = "$(TARGET_NAME)";
				SWIFT_EMIT_LOC_STRINGS = NO;
				SWIFT_VERSION = 5.0;
				TARGETED_DEVICE_FAMILY = "1,2";
				TEST_HOST = "$(BUILT_PRODUCTS_DIR)/helloworld.app/helloworld";
			};
			name = Release;
		};
		CEF782CD277ACFDD0031FCC5 /* Debug */ = {
			isa = XCBuildConfiguration;
			baseConfigurationReference = 35C9CEE9343DADE15121F816 /* Pods-helloworld-helloworldUITests.debug.xcconfig */;
			buildSettings = {
				ALWAYS_EMBED_SWIFT_STANDARD_LIBRARIES = YES;
				CODE_SIGN_STYLE = Automatic;
				CURRENT_PROJECT_VERSION = 7;
				GENERATE_INFOPLIST_FILE = YES;
				LD_RUNPATH_SEARCH_PATHS = (
					"$(inherited)",
					"@executable_path/Frameworks",
					"@loader_path/Frameworks",
				);
				MARKETING_VERSION = 1.0;
				PRODUCT_BUNDLE_IDENTIFIER = com.shafayat.helloworldUITests;
				PRODUCT_NAME = "$(TARGET_NAME)";
				SWIFT_EMIT_LOC_STRINGS = NO;
				SWIFT_VERSION = 5.0;
				TARGETED_DEVICE_FAMILY = "1,2";
				TEST_TARGET_NAME = helloworld;
			};
			name = Debug;
		};
		CEF782CE277ACFDD0031FCC5 /* Release */ = {
			isa = XCBuildConfiguration;
			baseConfigurationReference = 3AF73F6B7514B287FC7D1248 /* Pods-helloworld-helloworldUITests.release.xcconfig */;
			buildSettings = {
				ALWAYS_EMBED_SWIFT_STANDARD_LIBRARIES = YES;
				CODE_SIGN_STYLE = Automatic;
				CURRENT_PROJECT_VERSION = 7;
				GENERATE_INFOPLIST_FILE = YES;
				LD_RUNPATH_SEARCH_PATHS = (
					"$(inherited)",
					"@executable_path/Frameworks",
					"@loader_path/Frameworks",
				);
				MARKETING_VERSION = 1.0;
				PRODUCT_BUNDLE_IDENTIFIER = com.shafayat.helloworldUITests;
				PRODUCT_NAME = "$(TARGET_NAME)";
				SWIFT_EMIT_LOC_STRINGS = NO;
				SWIFT_VERSION = 5.0;
				TARGETED_DEVICE_FAMILY = "1,2";
				TEST_TARGET_NAME = helloworld;
			};
			name = Release;
		};
/* End XCBuildConfiguration section */

/* Begin XCConfigurationList section */
		CEF7829D277ACFDB0031FCC5 /* Build configuration list for PBXProject "helloworld" */ = {
			isa = XCConfigurationList;
			buildConfigurations = (
				CEF782C4277ACFDD0031FCC5 /* Debug */,
				CEF782C5277ACFDD0031FCC5 /* Release */,
			);
			defaultConfigurationIsVisible = 0;
			defaultConfigurationName = Release;
		};
		CEF782C6277ACFDD0031FCC5 /* Build configuration list for PBXNativeTarget "helloworld" */ = {
			isa = XCConfigurationList;
			buildConfigurations = (
				CEF782C7277ACFDD0031FCC5 /* Debug */,
				CEF782C8277ACFDD0031FCC5 /* Release */,
			);
			defaultConfigurationIsVisible = 0;
			defaultConfigurationName = Release;
		};
		CEF782C9277ACFDD0031FCC5 /* Build configuration list for PBXNativeTarget "helloworldTests" */ = {
			isa = XCConfigurationList;
			buildConfigurations = (
				CEF782CA277ACFDD0031FCC5 /* Debug */,
				CEF782CB277ACFDD0031FCC5 /* Release */,
			);
			defaultConfigurationIsVisible = 0;
			defaultConfigurationName = Release;
		};
		CEF782CC277ACFDD0031FCC5 /* Build configuration list for PBXNativeTarget "helloworldUITests" */ = {
			isa = XCConfigurationList;
			buildConfigurations = (
				CEF782CD277ACFDD0031FCC5 /* Debug */,
				CEF782CE277ACFDD0031FCC5 /* Release */,
			);
			defaultConfigurationIsVisible = 0;
			defaultConfigurationName = Release;
		};
/* End XCConfigurationList section */
	};
	rootObject = CEF7829A277ACFDB0031FCC5 /* Project object */;
}
